
Microsoft Visual Studio Solution File, Format Version 12.00
# Visual Studio Version 16
VisualStudioVersion = 16.0.31424.327
MinimumVisualStudioVersion = 10.0.40219.1
Project("{9A19103F-16F7-4668-BE54-9A1E7A4F7556}") = "web-api", "web-api\web-api.csproj", "{669502F9-0AEF-4FE2-A1D6-D0153870426B}"
EndProject
Project("{9A19103F-16F7-4668-BE54-9A1E7A4F7556}") = "product-ms", "..\product-ms\product-ms\product-ms.csproj", "{6C052F31-80AB-4118-BB15-26F0AD939C45}"
EndProject
Project("{9A19103F-16F7-4668-BE54-9A1E7A4F7556}") = "user-ms", "..\user-ms\user-ms\user-ms.csproj", "{CC30D300-9123-44A8-8188-E505BF5D2FD0}"
EndProject
Global
	GlobalSection(SolutionConfigurationPlatforms) = preSolution
		Debug|Any CPU = Debug|Any CPU
		Release|Any CPU = Release|Any CPU
	EndGlobalSection
	GlobalSection(ProjectConfigurationPlatforms) = postSolution
		{669502F9-0AEF-4FE2-A1D6-D0153870426B}.Debug|Any CPU.ActiveCfg = Debug|Any CPU
		{669502F9-0AEF-4FE2-A1D6-D0153870426B}.Debug|Any CPU.Build.0 = Debug|Any CPU
		{669502F9-0AEF-4FE2-A1D6-D0153870426B}.Release|Any CPU.ActiveCfg = Release|Any CPU
		{669502F9-0AEF-4FE2-A1D6-D0153870426B}.Release|Any CPU.Build.0 = Release|Any CPU
		{6C052F31-80AB-4118-BB15-26F0AD939C45}.Debug|Any CPU.ActiveCfg = Debug|Any CPU
		{6C052F31-80AB-4118-BB15-26F0AD939C45}.Debug|Any CPU.Build.0 = Debug|Any CPU
		{6C052F31-80AB-4118-BB15-26F0AD939C45}.Release|Any CPU.ActiveCfg = Release|Any CPU
		{6C052F31-80AB-4118-BB15-26F0AD939C45}.Release|Any CPU.Build.0 = Release|Any CPU
		{CC30D300-9123-44A8-8188-E505BF5D2FD0}.Debug|Any CPU.ActiveCfg = Debug|Any CPU
		{CC30D300-9123-44A8-8188-E505BF5D2FD0}.Debug|Any CPU.Build.0 = Debug|Any CPU
		{CC30D300-9123-44A8-8188-E505BF5D2FD0}.Release|Any CPU.ActiveCfg = Release|Any CPU
		{CC30D300-9123-44A8-8188-E505BF5D2FD0}.Release|Any CPU.Build.0 = Release|Any CPU
	EndGlobalSection
	GlobalSection(SolutionProperties) = preSolution
		HideSolutionNode = FALSE
	EndGlobalSection
	GlobalSection(ExtensibilityGlobals) = postSolution
		SolutionGuid = {7AB7F0E7-2926-4F0F-9D16-139B7B1DD190}
	EndGlobalSection
EndGlobal
